
Microsoft Visual Studio Solution File, Format Version 12.00
# Visual Studio Version 17
VisualStudioVersion = 17.1.32421.90
MinimumVisualStudioVersion = 10.0.40219.1
Project("{FAE04EC0-301F-11D3-BF4B-00C04F79EFBC}") = "LoggerUpdater", "LoggerUpdater.csproj", "{77BB2006-5262-4652-BBB0-8678042CCA0E}"
EndProject
Global
	GlobalSection(SolutionConfigurationPlatforms) = preSolution
		Debug|Any CPU = Debug|Any CPU
		Release|Any CPU = Release|Any CPU
	EndGlobalSection
	GlobalSection(ProjectConfigurationPlatforms) = postSolution
		{77BB2006-5262-4652-BBB0-8678042CCA0E}.Debug|Any CPU.ActiveCfg = Debug|Any CPU
		{77BB2006-5262-4652-BBB0-8678042CCA0E}.Debug|Any CPU.Build.0 = Debug|Any CPU
		{77BB2006-5262-4652-BBB0-8678042CCA0E}.Release|Any CPU.ActiveCfg = Release|Any CPU
		{77BB2006-5262-4652-BBB0-8678042CCA0E}.Release|Any CPU.Build.0 = Release|Any CPU
	EndGlobalSection
	GlobalSection(SolutionProperties) = preSolution
		HideSolutionNode = FALSE
	EndGlobalSection
	GlobalSection(ExtensibilityGlobals) = postSolution
		SolutionGuid = {97F077B8-7B10-4FA4-948A-6D91F211B392}
	EndGlobalSection
EndGlobal
